
Microsoft Visual Studio Solution File, Format Version 12.00
# Visual Studio 15
VisualStudioVersion = 15.0.26730.16
MinimumVisualStudioVersion = 10.0.40219.1
Project("{9A19103F-16F7-4668-BE54-9A1E7A4F7556}") = "EE.NIESolver.MathNet", "EE.NIESolver.MathNet\EE.NIESolver.MathNet.csproj", "{7431FD27-5E8D-48B2-8159-0A84F769459C}"
EndProject
Project("{2150E333-8FDC-42A3-9474-1A3956D46DE8}") = "Tests", "Tests", "{CE4923E2-AF48-4EA7-8743-01C6CFCDB782}"
EndProject
Project("{9A19103F-16F7-4668-BE54-9A1E7A4F7556}") = "EE.NIESolver.MathNet.Tests", "Tests\EE.NIESolver.MathNet.Tests\EE.NIESolver.MathNet.Tests.csproj", "{0A535F69-1131-42CB-BE33-EDC584EA9154}"
EndProject
Project("{9A19103F-16F7-4668-BE54-9A1E7A4F7556}") = "EE.NIESolver.Solver", "EE.NIESolver.Solver\EE.NIESolver.Solver.csproj", "{CB29C6F6-5364-49C5-80D0-38CA4C51B03F}"
EndProject
Project("{9A19103F-16F7-4668-BE54-9A1E7A4F7556}") = "EE.NIESolver.Experiments", "EE.NIESolver.Experiments\EE.NIESolver.Experiments.csproj", "{3E1B6DB3-2980-4625-8549-173B72D742D7}"
EndProject
Project("{2150E333-8FDC-42A3-9474-1A3956D46DE8}") = "Web", "Web", "{D85F3E44-7792-4491-82A0-B11C87C1C4BE}"
EndProject
Project("{9A19103F-16F7-4668-BE54-9A1E7A4F7556}") = "EE.NIESolver.DataLayer", "EE.NIESolver.DataLayer\EE.NIESolver.DataLayer.csproj", "{15EEB031-F7D8-4AB2-AA70-4E3F7185CCA7}"
EndProject
Project("{9A19103F-16F7-4668-BE54-9A1E7A4F7556}") = "EE.NIESolver.Web", "EE.NIESolver.Web\EE.NIESolver.Web.csproj", "{FFF30608-391E-4697-B3EA-643BB69EFD01}"
EndProject
Project("{FAE04EC0-301F-11D3-BF4B-00C04F79EFBC}") = "EE.NIESolver.Web.Tests", "Tests\EE.NIESolver.Web.Tests\EE.NIESolver.Web.Tests.csproj", "{9E0683AB-76CD-4103-8266-46F126188D2E}"
EndProject
Global
	GlobalSection(SolutionConfigurationPlatforms) = preSolution
		Debug|Any CPU = Debug|Any CPU
		Release|Any CPU = Release|Any CPU
	EndGlobalSection
	GlobalSection(ProjectConfigurationPlatforms) = postSolution
		{7431FD27-5E8D-48B2-8159-0A84F769459C}.Debug|Any CPU.ActiveCfg = Debug|Any CPU
		{7431FD27-5E8D-48B2-8159-0A84F769459C}.Debug|Any CPU.Build.0 = Debug|Any CPU
		{7431FD27-5E8D-48B2-8159-0A84F769459C}.Release|Any CPU.ActiveCfg = Release|Any CPU
		{7431FD27-5E8D-48B2-8159-0A84F769459C}.Release|Any CPU.Build.0 = Release|Any CPU
		{0A535F69-1131-42CB-BE33-EDC584EA9154}.Debug|Any CPU.ActiveCfg = Debug|Any CPU
		{0A535F69-1131-42CB-BE33-EDC584EA9154}.Debug|Any CPU.Build.0 = Debug|Any CPU
		{0A535F69-1131-42CB-BE33-EDC584EA9154}.Release|Any CPU.ActiveCfg = Release|Any CPU
		{0A535F69-1131-42CB-BE33-EDC584EA9154}.Release|Any CPU.Build.0 = Release|Any CPU
		{CB29C6F6-5364-49C5-80D0-38CA4C51B03F}.Debug|Any CPU.ActiveCfg = Debug|Any CPU
		{CB29C6F6-5364-49C5-80D0-38CA4C51B03F}.Debug|Any CPU.Build.0 = Debug|Any CPU
		{CB29C6F6-5364-49C5-80D0-38CA4C51B03F}.Release|Any CPU.ActiveCfg = Release|Any CPU
		{CB29C6F6-5364-49C5-80D0-38CA4C51B03F}.Release|Any CPU.Build.0 = Release|Any CPU
		{3E1B6DB3-2980-4625-8549-173B72D742D7}.Debug|Any CPU.ActiveCfg = Debug|Any CPU
		{3E1B6DB3-2980-4625-8549-173B72D742D7}.Debug|Any CPU.Build.0 = Debug|Any CPU
		{3E1B6DB3-2980-4625-8549-173B72D742D7}.Release|Any CPU.ActiveCfg = Release|Any CPU
		{3E1B6DB3-2980-4625-8549-173B72D742D7}.Release|Any CPU.Build.0 = Release|Any CPU
		{15EEB031-F7D8-4AB2-AA70-4E3F7185CCA7}.Debug|Any CPU.ActiveCfg = Debug|Any CPU
		{15EEB031-F7D8-4AB2-AA70-4E3F7185CCA7}.Debug|Any CPU.Build.0 = Debug|Any CPU
		{15EEB031-F7D8-4AB2-AA70-4E3F7185CCA7}.Release|Any CPU.ActiveCfg = Release|Any CPU
		{15EEB031-F7D8-4AB2-AA70-4E3F7185CCA7}.Release|Any CPU.Build.0 = Release|Any CPU
		{FFF30608-391E-4697-B3EA-643BB69EFD01}.Debug|Any CPU.ActiveCfg = Debug|Any CPU
		{FFF30608-391E-4697-B3EA-643BB69EFD01}.Debug|Any CPU.Build.0 = Debug|Any CPU
		{FFF30608-391E-4697-B3EA-643BB69EFD01}.Release|Any CPU.ActiveCfg = Release|Any CPU
		{FFF30608-391E-4697-B3EA-643BB69EFD01}.Release|Any CPU.Build.0 = Release|Any CPU
		{9E0683AB-76CD-4103-8266-46F126188D2E}.Debug|Any CPU.ActiveCfg = Debug|Any CPU
		{9E0683AB-76CD-4103-8266-46F126188D2E}.Debug|Any CPU.Build.0 = Debug|Any CPU
		{9E0683AB-76CD-4103-8266-46F126188D2E}.Release|Any CPU.ActiveCfg = Release|Any CPU
		{9E0683AB-76CD-4103-8266-46F126188D2E}.Release|Any CPU.Build.0 = Release|Any CPU
	EndGlobalSection
	GlobalSection(SolutionProperties) = preSolution
		HideSolutionNode = FALSE
	EndGlobalSection
	GlobalSection(NestedProjects) = preSolution
		{0A535F69-1131-42CB-BE33-EDC584EA9154} = {CE4923E2-AF48-4EA7-8743-01C6CFCDB782}
		{3E1B6DB3-2980-4625-8549-173B72D742D7} = {CE4923E2-AF48-4EA7-8743-01C6CFCDB782}
		{15EEB031-F7D8-4AB2-AA70-4E3F7185CCA7} = {D85F3E44-7792-4491-82A0-B11C87C1C4BE}
		{FFF30608-391E-4697-B3EA-643BB69EFD01} = {D85F3E44-7792-4491-82A0-B11C87C1C4BE}
		{9E0683AB-76CD-4103-8266-46F126188D2E} = {CE4923E2-AF48-4EA7-8743-01C6CFCDB782}
	EndGlobalSection
	GlobalSection(ExtensibilityGlobals) = postSolution
		SolutionGuid = {346372A6-8892-4A9B-9D7E-0F1662C5BD08}
	EndGlobalSection
EndGlobal
